
Microsoft Visual Studio Solution File, Format Version 12.00
# Visual Studio Version 17
VisualStudioVersion = 17.2.32519.379
MinimumVisualStudioVersion = 10.0.40219.1
Project("{FAE04EC0-301F-11D3-BF4B-00C04F79EFBC}") = "UP02YAROSHEVSKI", "UP02YAROSHEVSKI.csproj", "{48789DEB-A476-472B-8BE6-EE221A5BF22F}"
EndProject
Global
	GlobalSection(SolutionConfigurationPlatforms) = preSolution
		Debug|Any CPU = Debug|Any CPU
		Release|Any CPU = Release|Any CPU
	EndGlobalSection
	GlobalSection(ProjectConfigurationPlatforms) = postSolution
		{48789DEB-A476-472B-8BE6-EE221A5BF22F}.Debug|Any CPU.ActiveCfg = Debug|Any CPU
		{48789DEB-A476-472B-8BE6-EE221A5BF22F}.Debug|Any CPU.Build.0 = Debug|Any CPU
		{48789DEB-A476-472B-8BE6-EE221A5BF22F}.Release|Any CPU.ActiveCfg = Release|Any CPU
		{48789DEB-A476-472B-8BE6-EE221A5BF22F}.Release|Any CPU.Build.0 = Release|Any CPU
	EndGlobalSection
	GlobalSection(SolutionProperties) = preSolution
		HideSolutionNode = FALSE
	EndGlobalSection
	GlobalSection(ExtensibilityGlobals) = postSolution
		SolutionGuid = {AEEEA0FB-5566-4B3C-8614-79B6D51CE78B}
	EndGlobalSection
EndGlobal
